
Microsoft Visual Studio Solution File, Format Version 12.00
# Visual Studio Version 16
VisualStudioVersion = 16.0.29613.14
MinimumVisualStudioVersion = 10.0.40219.1
Project("{FAE04EC0-301F-11D3-BF4B-00C04F79EFBC}") = "RadeonWindowFix", "RadeonWindowFix\RadeonWindowFix.csproj", "{AEC4DD6E-2F47-4554-BFAF-6FDD83A4271A}"
EndProject
Global
	GlobalSection(SolutionConfigurationPlatforms) = preSolution
		Debug|Any CPU = Debug|Any CPU
		Release|Any CPU = Release|Any CPU
	EndGlobalSection
	GlobalSection(ProjectConfigurationPlatforms) = postSolution
		{AEC4DD6E-2F47-4554-BFAF-6FDD83A4271A}.Debug|Any CPU.ActiveCfg = Debug|Any CPU
		{AEC4DD6E-2F47-4554-BFAF-6FDD83A4271A}.Debug|Any CPU.Build.0 = Debug|Any CPU
		{AEC4DD6E-2F47-4554-BFAF-6FDD83A4271A}.Release|Any CPU.ActiveCfg = Release|Any CPU
		{AEC4DD6E-2F47-4554-BFAF-6FDD83A4271A}.Release|Any CPU.Build.0 = Release|Any CPU
	EndGlobalSection
	GlobalSection(SolutionProperties) = preSolution
		HideSolutionNode = FALSE
	EndGlobalSection
	GlobalSection(ExtensibilityGlobals) = postSolution
		SolutionGuid = {3FEC83F4-ADAB-4AE5-8B10-B35FD0674CBE}
	EndGlobalSection
EndGlobal
